
Microsoft Visual Studio Solution File, Format Version 12.00
# Visual Studio Version 16
VisualStudioVersion = 16.0.32002.261
MinimumVisualStudioVersion = 10.0.40219.1
Project("{FAE04EC0-301F-11D3-BF4B-00C04F79EFBC}") = "A9HttpFunctions", "A9HttpFunctions\A9HttpFunctions.csproj", "{1890FD62-4ED5-4EDF-899E-5B66FEB56F15}"
EndProject
Global
	GlobalSection(SolutionConfigurationPlatforms) = preSolution
		Debug|Any CPU = Debug|Any CPU
		Release|Any CPU = Release|Any CPU
	EndGlobalSection
	GlobalSection(ProjectConfigurationPlatforms) = postSolution
		{1890FD62-4ED5-4EDF-899E-5B66FEB56F15}.Debug|Any CPU.ActiveCfg = Debug|Any CPU
		{1890FD62-4ED5-4EDF-899E-5B66FEB56F15}.Debug|Any CPU.Build.0 = Debug|Any CPU
		{1890FD62-4ED5-4EDF-899E-5B66FEB56F15}.Release|Any CPU.ActiveCfg = Release|Any CPU
		{1890FD62-4ED5-4EDF-899E-5B66FEB56F15}.Release|Any CPU.Build.0 = Release|Any CPU
	EndGlobalSection
	GlobalSection(SolutionProperties) = preSolution
		HideSolutionNode = FALSE
	EndGlobalSection
	GlobalSection(ExtensibilityGlobals) = postSolution
		SolutionGuid = {F3D6C9F3-44B8-47EB-8F30-8B3FF0338EFE}
	EndGlobalSection
EndGlobal
